<Solution>
  <Project Path="NarakaBladepoint.StatsAssistant.Framework\NarakaBladepoint.StatsAssistant.Framework.csproj" />
  <Project Path="NarakaBladepoint.StatsAssistant.Framework.SourceGenerator\NarakaBladepoint.StatsAssistant.Framework.SourceGenerator.csproj" />
  <Project Path="NarakaBladepoint.StatsAssistant.Resources\NarakaBladepoint.StatsAssistant.Resources.csproj" />
  <Project Path="NarakaBladepoint.StatsAssistant.Modules\NarakaBladepoint.StatsAssistant.Modules.csproj" />
  <Project Path="NarakaBladepoint.StatsAssistant.App\NarakaBladepoint.StatsAssistant.App.csproj" />
</Solution>
